
Microsoft Visual Studio Solution File, Format Version 12.00
Project("{FAE04EC0-301F-11D3-BF4B-00C04F79EFBC}") = "CA2", "CA2\CA2.csproj", "{668C39A0-4659-42F2-97DF-F7FF0798FFB4}"
EndProject
Project("{FAE04EC0-301F-11D3-BF4B-00C04F79EFBC}") = "CircularSinglyLinkedListTest", "CircularSinglyLinkedListTest\CircularSinglyLinkedListTest.csproj", "{DEC3DB40-8E45-49AC-BB87-FE5E9E4A2A23}"
EndProject
Global
	GlobalSection(SolutionConfigurationPlatforms) = preSolution
		Debug|Any CPU = Debug|Any CPU
		Release|Any CPU = Release|Any CPU
	EndGlobalSection
	GlobalSection(ProjectConfigurationPlatforms) = postSolution
		{668C39A0-4659-42F2-97DF-F7FF0798FFB4}.Debug|Any CPU.ActiveCfg = Debug|Any CPU
		{668C39A0-4659-42F2-97DF-F7FF0798FFB4}.Debug|Any CPU.Build.0 = Debug|Any CPU
		{668C39A0-4659-42F2-97DF-F7FF0798FFB4}.Release|Any CPU.ActiveCfg = Release|Any CPU
		{668C39A0-4659-42F2-97DF-F7FF0798FFB4}.Release|Any CPU.Build.0 = Release|Any CPU
		{DEC3DB40-8E45-49AC-BB87-FE5E9E4A2A23}.Debug|Any CPU.ActiveCfg = Debug|Any CPU
		{DEC3DB40-8E45-49AC-BB87-FE5E9E4A2A23}.Debug|Any CPU.Build.0 = Debug|Any CPU
		{DEC3DB40-8E45-49AC-BB87-FE5E9E4A2A23}.Release|Any CPU.ActiveCfg = Release|Any CPU
		{DEC3DB40-8E45-49AC-BB87-FE5E9E4A2A23}.Release|Any CPU.Build.0 = Release|Any CPU
	EndGlobalSection
EndGlobal
